// !$*UTF8*$!
{
	archiveVersion = 1;
	classes = {
	};
	objectVersion = 56;
	objects = {

/* Begin PBXBuildFile section */
		EDC3E98129AFA63A0089BCEA /* WorkedUpApp.swift in Sources */ = {isa = PBXBuildFile; fileRef = EDC3E98029AFA63A0089BCEA /* WorkedUpApp.swift */; };
		EDC3E98329AFA63A0089BCEA /* ContentView.swift in Sources */ = {isa = PBXBuildFile; fileRef = EDC3E98229AFA63A0089BCEA /* ContentView.swift */; };
		EDC3E98529AFA63D0089BCEA /* Assets.xcassets in Resources */ = {isa = PBXBuildFile; fileRef = EDC3E98429AFA63D0089BCEA /* Assets.xcassets */; };
		EDC3E98829AFA63D0089BCEA /* Preview Assets.xcassets in Resources */ = {isa = PBXBuildFile; fileRef = EDC3E98729AFA63D0089BCEA /* Preview Assets.xcassets */; };
		EDCAABFA29B2CE770031E981 /* AppState.swift in Sources */ = {isa = PBXBuildFile; fileRef = EDCAABF929B2CE770031E981 /* AppState.swift */; };
		EDCAABFC29B2D06E0031E981 /* SwiftHelpers.swift in Sources */ = {isa = PBXBuildFile; fileRef = EDCAABFB29B2D06E0031E981 /* SwiftHelpers.swift */; };
		EDE5B6D62BFDE0090036165C /* LoginItemHelper.swift in Sources */ = {isa = PBXBuildFile; fileRef = EDE5B6D52BFDE0090036165C /* LoginItemHelper.swift */; };
/* End PBXBuildFile section */

/* Begin PBXFileReference section */
		EDC3E97D29AFA63A0089BCEA /* WorkedUp.app */ = {isa = PBXFileReference; explicitFileType = wrapper.application; includeInIndex = 0; path = WorkedUp.app; sourceTree = BUILT_PRODUCTS_DIR; };
		EDC3E98029AFA63A0089BCEA /* WorkedUpApp.swift */ = {isa = PBXFileReference; lastKnownFileType = sourcecode.swift; path = WorkedUpApp.swift; sourceTree = "<group>"; };
		EDC3E98229AFA63A0089BCEA /* ContentView.swift */ = {isa = PBXFileReference; lastKnownFileType = sourcecode.swift; path = ContentView.swift; sourceTree = "<group>"; };
		EDC3E98429AFA63D0089BCEA /* Assets.xcassets */ = {isa = PBXFileReference; lastKnownFileType = folder.assetcatalog; path = Assets.xcassets; sourceTree = "<group>"; };
		EDC3E98729AFA63D0089BCEA /* Preview Assets.xcassets */ = {isa = PBXFileReference; lastKnownFileType = folder.assetcatalog; path = "Preview Assets.xcassets"; sourceTree = "<group>"; };
		EDC3E98929AFA63D0089BCEA /* WorkedUp.entitlements */ = {isa = PBXFileReference; lastKnownFileType = text.plist.entitlements; path = WorkedUp.entitlements; sourceTree = "<group>"; };
		EDCAABF929B2CE770031E981 /* AppState.swift */ = {isa = PBXFileReference; lastKnownFileType = sourcecode.swift; path = AppState.swift; sourceTree = "<group>"; };
		EDCAABFB29B2D06E0031E981 /* SwiftHelpers.swift */ = {isa = PBXFileReference; lastKnownFileType = sourcecode.swift; path = SwiftHelpers.swift; sourceTree = "<group>"; };
		EDE5B6D52BFDE0090036165C /* LoginItemHelper.swift */ = {isa = PBXFileReference; fileEncoding = 4; lastKnownFileType = sourcecode.swift; path = LoginItemHelper.swift; sourceTree = "<group>"; };
/* End PBXFileReference section */

/* Begin PBXFrameworksBuildPhase section */
		EDC3E97A29AFA63A0089BCEA /* Frameworks */ = {
			isa = PBXFrameworksBuildPhase;
			buildActionMask = 2147483647;
			files = (
			);
			runOnlyForDeploymentPostprocessing = 0;
		};
/* End PBXFrameworksBuildPhase section */

/* Begin PBXGroup section */
		EDC3E97429AFA63A0089BCEA = {
			isa = PBXGroup;
			children = (
				EDC3E97F29AFA63A0089BCEA /* WorkedUp */,
				EDC3E97E29AFA63A0089BCEA /* Products */,
			);
			sourceTree = "<group>";
		};
		EDC3E97E29AFA63A0089BCEA /* Products */ = {
			isa = PBXGroup;
			children = (
				EDC3E97D29AFA63A0089BCEA /* WorkedUp.app */,
			);
			name = Products;
			sourceTree = "<group>";
		};
		EDC3E97F29AFA63A0089BCEA /* WorkedUp */ = {
			isa = PBXGroup;
			children = (
				EDC3E98029AFA63A0089BCEA /* WorkedUpApp.swift */,
				EDCAABF929B2CE770031E981 /* AppState.swift */,
				EDC3E98229AFA63A0089BCEA /* ContentView.swift */,
				EDE5B6D52BFDE0090036165C /* LoginItemHelper.swift */,
				EDCAABFB29B2D06E0031E981 /* SwiftHelpers.swift */,
				EDC3E98429AFA63D0089BCEA /* Assets.xcassets */,
				EDC3E98929AFA63D0089BCEA /* WorkedUp.entitlements */,
				EDC3E98629AFA63D0089BCEA /* Preview Content */,
			);
			path = WorkedUp;
			sourceTree = "<group>";
		};
		EDC3E98629AFA63D0089BCEA /* Preview Content */ = {
			isa = PBXGroup;
			children = (
				EDC3E98729AFA63D0089BCEA /* Preview Assets.xcassets */,
			);
			path = "Preview Content";
			sourceTree = "<group>";
		};
/* End PBXGroup section */

/* Begin PBXNativeTarget section */
		EDC3E97C29AFA63A0089BCEA /* WorkedUp */ = {
			isa = PBXNativeTarget;
			buildConfigurationList = EDC3E98C29AFA63D0089BCEA /* Build configuration list for PBXNativeTarget "WorkedUp" */;
			buildPhases = (
				EDC3E97929AFA63A0089BCEA /* Sources */,
				EDC3E97A29AFA63A0089BCEA /* Frameworks */,
				EDC3E97B29AFA63A0089BCEA /* Resources */,
			);
			buildRules = (
			);
			dependencies = (
			);
			name = WorkedUp;
			productName = WorkedUp;
			productReference = EDC3E97D29AFA63A0089BCEA /* WorkedUp.app */;
			productType = "com.apple.product-type.application";
		};
/* End PBXNativeTarget section */

/* Begin PBXProject section */
		EDC3E97529AFA63A0089BCEA /* Project object */ = {
			isa = PBXProject;
			attributes = {
				BuildIndependentTargetsInParallel = 1;
				LastSwiftUpdateCheck = 1420;
				LastUpgradeCheck = 1420;
				TargetAttributes = {
					EDC3E97C29AFA63A0089BCEA = {
						CreatedOnToolsVersion = 14.2;
					};
				};
			};
			buildConfigurationList = EDC3E97829AFA63A0089BCEA /* Build configuration list for PBXProject "WorkedUp" */;
			compatibilityVersion = "Xcode 14.0";
			developmentRegion = en;
			hasScannedForEncodings = 0;
			knownRegions = (
				en,
				Base,
			);
			mainGroup = EDC3E97429AFA63A0089BCEA;
			productRefGroup = EDC3E97E29AFA63A0089BCEA /* Products */;
			projectDirPath = "";
			projectRoot = "";
			targets = (
				EDC3E97C29AFA63A0089BCEA /* WorkedUp */,
			);
		};
/* End PBXProject section */

/* Begin PBXResourcesBuildPhase section */
		EDC3E97B29AFA63A0089BCEA /* Resources */ = {
			isa = PBXResourcesBuildPhase;
			buildActionMask = 2147483647;
			files = (
				EDC3E98829AFA63D0089BCEA /* Preview Assets.xcassets in Resources */,
				EDC3E98529AFA63D0089BCEA /* Assets.xcassets in Resources */,
			);
			runOnlyForDeploymentPostprocessing = 0;
		};
/* End PBXResourcesBuildPhase section */

/* Begin PBXSourcesBuildPhase section */
		EDC3E97929AFA63A0089BCEA /* Sources */ = {
			isa = PBXSourcesBuildPhase;
			buildActionMask = 2147483647;
			files = (
				EDE5B6D62BFDE0090036165C /* LoginItemHelper.swift in Sources */,
				EDCAABFA29B2CE770031E981 /* AppState.swift in Sources */,
				EDCAABFC29B2D06E0031E981 /* SwiftHelpers.swift in Sources */,
				EDC3E98329AFA63A0089BCEA /* ContentView.swift in Sources */,
				EDC3E98129AFA63A0089BCEA /* WorkedUpApp.swift in Sources */,
			);
			runOnlyForDeploymentPostprocessing = 0;
		};
/* End PBXSourcesBuildPhase section */

/* Begin XCBuildConfiguration section */
		EDC3E98A29AFA63D0089BCEA /* Debug */ = {
			isa = XCBuildConfiguration;
			buildSettings = {
				ALWAYS_SEARCH_USER_PATHS = NO;
				CLANG_ANALYZER_NONNULL = YES;
				CLANG_ANALYZER_NUMBER_OBJECT_CONVERSION = YES_AGGRESSIVE;
				CLANG_CXX_LANGUAGE_STANDARD = "gnu++20";
				CLANG_ENABLE_MODULES = YES;
				CLANG_ENABLE_OBJC_ARC = YES;
				CLANG_ENABLE_OBJC_WEAK = YES;
				CLANG_WARN_BLOCK_CAPTURE_AUTORELEASING = YES;
				CLANG_WARN_BOOL_CONVERSION = YES;
				CLANG_WARN_COMMA = YES;
				CLANG_WARN_CONSTANT_CONVERSION = YES;
				CLANG_WARN_DEPRECATED_OBJC_IMPLEMENTATIONS = YES;
				CLANG_WARN_DIRECT_OBJC_ISA_USAGE = YES_ERROR;
				CLANG_WARN_DOCUMENTATION_COMMENTS = YES;
				CLANG_WARN_EMPTY_BODY = YES;
				CLANG_WARN_ENUM_CONVERSION = YES;
				CLANG_WARN_INFINITE_RECURSION = YES;
				CLANG_WARN_INT_CONVERSION = YES;
				CLANG_WARN_NON_LITERAL_NULL_CONVERSION = YES;
				CLANG_WARN_OBJC_IMPLICIT_RETAIN_SELF = YES;
				CLANG_WARN_OBJC_LITERAL_CONVERSION = YES;
				CLANG_WARN_OBJC_ROOT_CLASS = YES_ERROR;
				CLANG_WARN_QUOTED_INCLUDE_IN_FRAMEWORK_HEADER = YES;
				CLANG_WARN_RANGE_LOOP_ANALYSIS = YES;
				CLANG_WARN_STRICT_PROTOTYPES = YES;
				CLANG_WARN_SUSPICIOUS_MOVE = YES;
				CLANG_WARN_UNGUARDED_AVAILABILITY = YES_AGGRESSIVE;
				CLANG_WARN_UNREACHABLE_CODE = YES;
				CLANG_WARN__DUPLICATE_METHOD_MATCH = YES;
				COPY_PHASE_STRIP = NO;
				DEBUG_INFORMATION_FORMAT = dwarf;
				ENABLE_STRICT_OBJC_MSGSEND = YES;
				ENABLE_TESTABILITY = YES;
				GCC_C_LANGUAGE_STANDARD = gnu11;
				GCC_DYNAMIC_NO_PIC = NO;
				GCC_NO_COMMON_BLOCKS = YES;
				GCC_OPTIMIZATION_LEVEL = 0;
				GCC_PREPROCESSOR_DEFINITIONS = (
					"DEBUG=1",
					"$(inherited)",
				);
				GCC_WARN_64_TO_32_BIT_CONVERSION = YES;
				GCC_WARN_ABOUT_RETURN_TYPE = YES_ERROR;
				GCC_WARN_UNDECLARED_SELECTOR = YES;
				GCC_WARN_UNINITIALIZED_AUTOS = YES_AGGRESSIVE;
				GCC_WARN_UNUSED_FUNCTION = YES;
				GCC_WARN_UNUSED_VARIABLE = YES;
				MACOSX_DEPLOYMENT_TARGET = 13.1;
				MTL_ENABLE_DEBUG_INFO = INCLUDE_SOURCE;
				MTL_FAST_MATH = YES;
				ONLY_ACTIVE_ARCH = YES;
				SDKROOT = macosx;
				SWIFT_ACTIVE_COMPILATION_CONDITIONS = DEBUG;
				SWIFT_OPTIMIZATION_LEVEL = "-Onone";
			};
			name = Debug;
		};
		EDC3E98B29AFA63D0089BCEA /* Release */ = {
			isa = XCBuildConfiguration;
			buildSettings = {
				ALWAYS_SEARCH_USER_PATHS = NO;
				CLANG_ANALYZER_NONNULL = YES;
				CLANG_ANALYZER_NUMBER_OBJECT_CONVERSION = YES_AGGRESSIVE;
				CLANG_CXX_LANGUAGE_STANDARD = "gnu++20";
				CLANG_ENABLE_MODULES = YES;
				CLANG_ENABLE_OBJC_ARC = YES;
				CLANG_ENABLE_OBJC_WEAK = YES;
				CLANG_WARN_BLOCK_CAPTURE_AUTORELEASING = YES;
				CLANG_WARN_BOOL_CONVERSION = YES;
				CLANG_WARN_COMMA = YES;
				CLANG_WARN_CONSTANT_CONVERSION = YES;
				CLANG_WARN_DEPRECATED_OBJC_IMPLEMENTATIONS = YES;
				CLANG_WARN_DIRECT_OBJC_ISA_USAGE = YES_ERROR;
				CLANG_WARN_DOCUMENTATION_COMMENTS = YES;
				CLANG_WARN_EMPTY_BODY = YES;
				CLANG_WARN_ENUM_CONVERSION = YES;
				CLANG_WARN_INFINITE_RECURSION = YES;
				CLANG_WARN_INT_CONVERSION = YES;
				CLANG_WARN_NON_LITERAL_NULL_CONVERSION = YES;
				CLANG_WARN_OBJC_IMPLICIT_RETAIN_SELF = YES;
				CLANG_WARN_OBJC_LITERAL_CONVERSION = YES;
				CLANG_WARN_OBJC_ROOT_CLASS = YES_ERROR;
				CLANG_WARN_QUOTED_INCLUDE_IN_FRAMEWORK_HEADER = YES;
				CLANG_WARN_RANGE_LOOP_ANALYSIS = YES;
				CLANG_WARN_STRICT_PROTOTYPES = YES;
				CLANG_WARN_SUSPICIOUS_MOVE = YES;
				CLANG_WARN_UNGUARDED_AVAILABILITY = YES_AGGRESSIVE;
				CLANG_WARN_UNREACHABLE_CODE = YES;
				CLANG_WARN__DUPLICATE_METHOD_MATCH = YES;
				COPY_PHASE_STRIP = NO;
				DEBUG_INFORMATION_FORMAT = "dwarf-with-dsym";
				ENABLE_NS_ASSERTIONS = NO;
				ENABLE_STRICT_OBJC_MSGSEND = YES;
				GCC_C_LANGUAGE_STANDARD = gnu11;
				GCC_NO_COMMON_BLOCKS = YES;
				GCC_WARN_64_TO_32_BIT_CONVERSION = YES;
				GCC_WARN_ABOUT_RETURN_TYPE = YES_ERROR;
				GCC_WARN_UNDECLARED_SELECTOR = YES;
				GCC_WARN_UNINITIALIZED_AUTOS = YES_AGGRESSIVE;
				GCC_WARN_UNUSED_FUNCTION = YES;
				GCC_WARN_UNUSED_VARIABLE = YES;
				MACOSX_DEPLOYMENT_TARGET = 13.1;
				MTL_ENABLE_DEBUG_INFO = NO;
				MTL_FAST_MATH = YES;
				SDKROOT = macosx;
				SWIFT_COMPILATION_MODE = wholemodule;
				SWIFT_OPTIMIZATION_LEVEL = "-O";
			};
			name = Release;
		};
		EDC3E98D29AFA63D0089BCEA /* Debug */ = {
			isa = XCBuildConfiguration;
			buildSettings = {
				ASSETCATALOG_COMPILER_APPICON_NAME = AppIcon;
				ASSETCATALOG_COMPILER_GLOBAL_ACCENT_COLOR_NAME = AccentColor;
				CODE_SIGN_ENTITLEMENTS = WorkedUp/WorkedUp.entitlements;
				CODE_SIGN_STYLE = Automatic;
				COMBINE_HIDPI_IMAGES = YES;
				CURRENT_PROJECT_VERSION = 2;
				DEVELOPMENT_ASSET_PATHS = "\"WorkedUp/Preview Content\"";
				DEVELOPMENT_TEAM = 4VYV5C3L3Y;
				ENABLE_HARDENED_RUNTIME = NO;
				ENABLE_PREVIEWS = YES;
				GENERATE_INFOPLIST_FILE = YES;
				INFOPLIST_KEY_NSHumanReadableCopyright = "";
				LD_RUNPATH_SEARCH_PATHS = (
					"$(inherited)",
					"@executable_path/../Frameworks",
				);
				MARKETING_VERSION = 1.0;
				PRODUCT_BUNDLE_IDENTIFIER = com.michelstorms.WorkedUp;
				PRODUCT_NAME = "$(TARGET_NAME)";
				SWIFT_EMIT_LOC_STRINGS = YES;
				SWIFT_VERSION = 5.0;
			};
			name = Debug;
		};
		EDC3E98E29AFA63D0089BCEA /* Release */ = {
			isa = XCBuildConfiguration;
			buildSettings = {
				ASSETCATALOG_COMPILER_APPICON_NAME = AppIcon;
				ASSETCATALOG_COMPILER_GLOBAL_ACCENT_COLOR_NAME = AccentColor;
				CODE_SIGN_ENTITLEMENTS = WorkedUp/WorkedUp.entitlements;
				CODE_SIGN_STYLE = Automatic;
				COMBINE_HIDPI_IMAGES = YES;
				CURRENT_PROJECT_VERSION = 2;
				DEVELOPMENT_ASSET_PATHS = "\"WorkedUp/Preview Content\"";
				DEVELOPMENT_TEAM = 4VYV5C3L3Y;
				ENABLE_HARDENED_RUNTIME = NO;
				ENABLE_PREVIEWS = YES;
				GENERATE_INFOPLIST_FILE = YES;
				INFOPLIST_KEY_NSHumanReadableCopyright = "";
				LD_RUNPATH_SEARCH_PATHS = (
					"$(inherited)",
					"@executable_path/../Frameworks",
				);
				MARKETING_VERSION = 1.0;
				PRODUCT_BUNDLE_IDENTIFIER = com.michelstorms.WorkedUp;
				PRODUCT_NAME = "$(TARGET_NAME)";
				SWIFT_EMIT_LOC_STRINGS = YES;
				SWIFT_VERSION = 5.0;
			};
			name = Release;
		};
/* End XCBuildConfiguration section */

/* Begin XCConfigurationList section */
		EDC3E97829AFA63A0089BCEA /* Build configuration list for PBXProject "WorkedUp" */ = {
			isa = XCConfigurationList;
			buildConfigurations = (
				EDC3E98A29AFA63D0089BCEA /* Debug */,
				EDC3E98B29AFA63D0089BCEA /* Release */,
			);
			defaultConfigurationIsVisible = 0;
			defaultConfigurationName = Release;
		};
		EDC3E98C29AFA63D0089BCEA /* Build configuration list for PBXNativeTarget "WorkedUp" */ = {
			isa = XCConfigurationList;
			buildConfigurations = (
				EDC3E98D29AFA63D0089BCEA /* Debug */,
				EDC3E98E29AFA63D0089BCEA /* Release */,
			);
			defaultConfigurationIsVisible = 0;
			defaultConfigurationName = Release;
		};
/* End XCConfigurationList section */
	};
	rootObject = EDC3E97529AFA63A0089BCEA /* Project object */;
}
